{
  "originHash" : "56f74e8eaa1bf9db93371e43868cbf296215b508244bde9065b177b99a0de32d",
  "pins" : [
    {
      "identity" : "mzswiftsxcfrk",
      "kind" : "remoteSourceControl",
      "location" : "https://github.com/LoliMizuki/MZSwiftsXCFrk",
      "state" : {
        "revision" : "d982a4a6272752f26d787861e3fc56b617d5f7a6",
        "version" : "1.4.2"
      }
    }
  ],
  "version" : 3
}
