{
  "originHash" : "56f74e8eaa1bf9db93371e43868cbf296215b508244bde9065b177b99a0de32d",
  "pins" : [
    {
      "identity" : "mzswiftsxcfrk",
      "kind" : "remoteSourceControl",
      "location" : "https://github.com/LoliMizuki/MZSwiftsXCFrk",
      "state" : {
        "revision" : "06a89347439b0f7ef9f77cec0ef98837d0bb78c7",
        "version" : "1.4.0"
      }
    }
  ],
  "version" : 3
}
