{
  "pins" : [
    {
      "identity" : "mzswiftsxcfrk",
      "kind" : "remoteSourceControl",
      "location" : "https://github.com/LoliMizuki/MZSwiftsXCFrk",
      "state" : {
        "branch" : "main",
        "revision" : "e4fc43346d50d0e80b46896dc0a76d921bc8e889"
      }
    }
  ],
  "version" : 2
}
